
Microsoft Visual Studio Solution File, Format Version 12.00
# Visual Studio 14
VisualStudioVersion = 14.0.25420.1
MinimumVisualStudioVersion = 10.0.40219.1
Project("{FAE04EC0-301F-11D3-BF4B-00C04F79EFBC}") = "PackageInstaller", "PackageInstaller\PackageInstaller.csproj", "{A2165000-E833-4FD7-8A48-468A339020D1}"
EndProject
Project("{FAE04EC0-301F-11D3-BF4B-00C04F79EFBC}") = "PackageInstallerTests", "PackageInstallerTests\PackageInstallerTests.csproj", "{0444512A-E814-46DD-9DCC-CB113D075735}"
EndProject
Global
	GlobalSection(SolutionConfigurationPlatforms) = preSolution
		Debug|Any CPU = Debug|Any CPU
		Release|Any CPU = Release|Any CPU
	EndGlobalSection
	GlobalSection(ProjectConfigurationPlatforms) = postSolution
		{A2165000-E833-4FD7-8A48-468A339020D1}.Debug|Any CPU.ActiveCfg = Debug|Any CPU
		{A2165000-E833-4FD7-8A48-468A339020D1}.Debug|Any CPU.Build.0 = Debug|Any CPU
		{A2165000-E833-4FD7-8A48-468A339020D1}.Release|Any CPU.ActiveCfg = Release|Any CPU
		{A2165000-E833-4FD7-8A48-468A339020D1}.Release|Any CPU.Build.0 = Release|Any CPU
		{0444512A-E814-46DD-9DCC-CB113D075735}.Debug|Any CPU.ActiveCfg = Debug|Any CPU
		{0444512A-E814-46DD-9DCC-CB113D075735}.Debug|Any CPU.Build.0 = Debug|Any CPU
		{0444512A-E814-46DD-9DCC-CB113D075735}.Release|Any CPU.ActiveCfg = Release|Any CPU
		{0444512A-E814-46DD-9DCC-CB113D075735}.Release|Any CPU.Build.0 = Release|Any CPU
	EndGlobalSection
	GlobalSection(SolutionProperties) = preSolution
		HideSolutionNode = FALSE
	EndGlobalSection
EndGlobal
